<?xml version="1.0" encoding="utf-8"?>
<Project ToolsVersion="17.0" xmlns="http://schemas.microsoft.com/developer/msbuild/2003">
  <ItemGroup>
    <ClCompile Include="D:\OPENVINO\openvino\src\common\offline_transformations\src\compress_quantize_weigths.cpp">
      <Filter>src</Filter>
    </ClCompile>
    <ClCompile Include="D:\OPENVINO\openvino\src\common\offline_transformations\src\pruning\init_const_mask.cpp">
      <Filter>src</Filter>
    </ClCompile>
    <ClCompile Include="D:\OPENVINO\openvino\src\common\offline_transformations\src\pruning\init_masks.cpp">
      <Filter>src</Filter>
    </ClCompile>
    <ClCompile Include="D:\OPENVINO\openvino\src\common\offline_transformations\src\pruning\mask_attribute.cpp">
      <Filter>src</Filter>
    </ClCompile>
    <ClCompile Include="D:\OPENVINO\openvino\src\common\offline_transformations\src\pruning\propagate_masks.cpp">
      <Filter>src</Filter>
    </ClCompile>
    <ClCompile Include="D:\OPENVINO\openvino\src\common\offline_transformations\src\pruning\pruning.cpp">
      <Filter>src</Filter>
    </ClCompile>
    <ClCompile Include="D:\OPENVINO\openvino\src\common\offline_transformations\src\pruning\shrink_weights.cpp">
      <Filter>src</Filter>
    </ClCompile>
  </ItemGroup>
  <ItemGroup>
    <ClInclude Include="D:\OPENVINO\openvino\src\common\offline_transformations\include\compress_quantize_weights.hpp">
      <Filter>include</Filter>
    </ClInclude>
    <ClInclude Include="D:\OPENVINO\openvino\src\common\offline_transformations\include\mask_attribute.hpp">
      <Filter>include</Filter>
    </ClInclude>
    <ClInclude Include="D:\OPENVINO\openvino\src\common\offline_transformations\include\pruning.hpp">
      <Filter>include</Filter>
    </ClInclude>
  </ItemGroup>
  <ItemGroup>
    <CustomBuild Include="D:\OPENVINO\openvino\src\common\offline_transformations\CMakeLists.txt" />
  </ItemGroup>
  <ItemGroup>
    <Filter Include="include">
      <UniqueIdentifier>{D7BDD275-EDC2-330C-B0DE-D7ED884287F4}</UniqueIdentifier>
    </Filter>
    <Filter Include="src">
      <UniqueIdentifier>{9F7D6189-28F5-3781-99C7-1123304BED97}</UniqueIdentifier>
    </Filter>
  </ItemGroup>
</Project>
