<?xml version="1.0" encoding="utf-8"?>
<Project ToolsVersion="17.0" xmlns="http://schemas.microsoft.com/developer/msbuild/2003">
  <ItemGroup>
    <ClCompile Include="D:\OPENVINO\openvino\src\core\shape_inference\src\convolution_shape_inference.cpp">
      <Filter>src</Filter>
    </ClCompile>
    <ClCompile Include="D:\OPENVINO\openvino\src\core\shape_inference\src\experimental_detectron_shape_infer_utils.cpp">
      <Filter>src</Filter>
    </ClCompile>
    <ClCompile Include="D:\OPENVINO\openvino\src\core\shape_inference\src\tensor_data_accessor.cpp">
      <Filter>src</Filter>
    </ClCompile>
    <ClCompile Include="D:\OPENVINO\openvino\src\core\shape_inference\src\utils.cpp">
      <Filter>src</Filter>
    </ClCompile>
  </ItemGroup>
  <ItemGroup>
    <ClInclude Include="D:\OPENVINO\openvino\src\core\shape_inference\include\adaptive_avg_pool_shape_inference.hpp">
      <Filter>include</Filter>
    </ClInclude>
    <ClInclude Include="D:\OPENVINO\openvino\src\core\shape_inference\include\adaptive_max_pool_shape_inference.hpp">
      <Filter>include</Filter>
    </ClInclude>
    <ClInclude Include="D:\OPENVINO\openvino\src\core\shape_inference\include\assign_shape_inference.hpp">
      <Filter>include</Filter>
    </ClInclude>
    <ClInclude Include="D:\OPENVINO\openvino\src\core\shape_inference\include\augru_cell_shape_inference.hpp">
      <Filter>include</Filter>
    </ClInclude>
    <ClInclude Include="D:\OPENVINO\openvino\src\core\shape_inference\include\augru_sequence_shape_inference.hpp">
      <Filter>include</Filter>
    </ClInclude>
    <ClInclude Include="D:\OPENVINO\openvino\src\core\shape_inference\include\avg_pool_shape_inference.hpp">
      <Filter>include</Filter>
    </ClInclude>
    <ClInclude Include="D:\OPENVINO\openvino\src\core\shape_inference\include\batch_norm_shape_inference.hpp">
      <Filter>include</Filter>
    </ClInclude>
    <ClInclude Include="D:\OPENVINO\openvino\src\core\shape_inference\include\batch_to_space_shape_inference.hpp">
      <Filter>include</Filter>
    </ClInclude>
    <ClInclude Include="D:\OPENVINO\openvino\src\core\shape_inference\include\binary_convolution_shape_inference.hpp">
      <Filter>include</Filter>
    </ClInclude>
    <ClInclude Include="D:\OPENVINO\openvino\src\core\shape_inference\include\broadcast_shape_inference.hpp">
      <Filter>include</Filter>
    </ClInclude>
    <ClInclude Include="D:\OPENVINO\openvino\src\core\shape_inference\include\bucketize_shape_inference.hpp">
      <Filter>include</Filter>
    </ClInclude>
    <ClInclude Include="D:\OPENVINO\openvino\src\core\shape_inference\include\compare.hpp">
      <Filter>include</Filter>
    </ClInclude>
    <ClInclude Include="D:\OPENVINO\openvino\src\core\shape_inference\include\concat_shape_inference.hpp">
      <Filter>include</Filter>
    </ClInclude>
    <ClInclude Include="D:\OPENVINO\openvino\src\core\shape_inference\include\convolution_backprop_shape_inference.hpp">
      <Filter>include</Filter>
    </ClInclude>
    <ClInclude Include="D:\OPENVINO\openvino\src\core\shape_inference\include\convolution_backprop_shape_inference_util.hpp">
      <Filter>include</Filter>
    </ClInclude>
    <ClInclude Include="D:\OPENVINO\openvino\src\core\shape_inference\include\convolution_shape_inference.hpp">
      <Filter>include</Filter>
    </ClInclude>
    <ClInclude Include="D:\OPENVINO\openvino\src\core\shape_inference\include\convolution_shape_inference_util.hpp">
      <Filter>include</Filter>
    </ClInclude>
    <ClInclude Include="D:\OPENVINO\openvino\src\core\shape_inference\include\copy_shape_inference.hpp">
      <Filter>include</Filter>
    </ClInclude>
    <ClInclude Include="D:\OPENVINO\openvino\src\core\shape_inference\include\ctc_greedy_decoder_seq_len_shape_inference.hpp">
      <Filter>include</Filter>
    </ClInclude>
    <ClInclude Include="D:\OPENVINO\openvino\src\core\shape_inference\include\ctc_greedy_decoder_shape_inference.hpp">
      <Filter>include</Filter>
    </ClInclude>
    <ClInclude Include="D:\OPENVINO\openvino\src\core\shape_inference\include\ctc_loss_shape_inference.hpp">
      <Filter>include</Filter>
    </ClInclude>
    <ClInclude Include="D:\OPENVINO\openvino\src\core\shape_inference\include\deformable_convolution_shape_inference.hpp">
      <Filter>include</Filter>
    </ClInclude>
    <ClInclude Include="D:\OPENVINO\openvino\src\core\shape_inference\include\deformable_psroi_pooling_shape_inference.hpp">
      <Filter>include</Filter>
    </ClInclude>
    <ClInclude Include="D:\OPENVINO\openvino\src\core\shape_inference\include\depth_to_space_shape_inference.hpp">
      <Filter>include</Filter>
    </ClInclude>
    <ClInclude Include="D:\OPENVINO\openvino\src\core\shape_inference\include\detection_output_shape_inference.hpp">
      <Filter>include</Filter>
    </ClInclude>
    <ClInclude Include="D:\OPENVINO\openvino\src\core\shape_inference\include\dimension_util.hpp">
      <Filter>include</Filter>
    </ClInclude>
    <ClInclude Include="D:\OPENVINO\openvino\src\core\shape_inference\include\einsum_shape_inference.hpp">
      <Filter>include</Filter>
    </ClInclude>
    <ClInclude Include="D:\OPENVINO\openvino\src\core\shape_inference\include\element_visitor.hpp">
      <Filter>include</Filter>
    </ClInclude>
    <ClInclude Include="D:\OPENVINO\openvino\src\core\shape_inference\include\eltwise_shape_inference.hpp">
      <Filter>include</Filter>
    </ClInclude>
    <ClInclude Include="D:\OPENVINO\openvino\src\core\shape_inference\include\embedding_segments_sum_shape_inference.hpp">
      <Filter>include</Filter>
    </ClInclude>
    <ClInclude Include="D:\OPENVINO\openvino\src\core\shape_inference\include\embedding_shape_infer_utils.hpp">
      <Filter>include</Filter>
    </ClInclude>
    <ClInclude Include="D:\OPENVINO\openvino\src\core\shape_inference\include\embeddingbag_offsets_shape_inference.hpp">
      <Filter>include</Filter>
    </ClInclude>
    <ClInclude Include="D:\OPENVINO\openvino\src\core\shape_inference\include\embeddingbag_packed_shape_inference.hpp">
      <Filter>include</Filter>
    </ClInclude>
    <ClInclude Include="D:\OPENVINO\openvino\src\core\shape_inference\include\experimental_detectron_detection_output_shape_inference.hpp">
      <Filter>include</Filter>
    </ClInclude>
    <ClInclude Include="D:\OPENVINO\openvino\src\core\shape_inference\include\experimental_detectron_generate_proposals_shape_inference.hpp">
      <Filter>include</Filter>
    </ClInclude>
    <ClInclude Include="D:\OPENVINO\openvino\src\core\shape_inference\include\experimental_detectron_prior_grid_generator_shape_inference.hpp">
      <Filter>include</Filter>
    </ClInclude>
    <ClInclude Include="D:\OPENVINO\openvino\src\core\shape_inference\include\experimental_detectron_roi_feature_shape_inference.hpp">
      <Filter>include</Filter>
    </ClInclude>
    <ClInclude Include="D:\OPENVINO\openvino\src\core\shape_inference\include\experimental_detectron_shape_infer_utils.hpp">
      <Filter>include</Filter>
    </ClInclude>
    <ClInclude Include="D:\OPENVINO\openvino\src\core\shape_inference\include\experimental_detectron_topkrois_shape_inference.hpp">
      <Filter>include</Filter>
    </ClInclude>
    <ClInclude Include="D:\OPENVINO\openvino\src\core\shape_inference\include\extract_image_patches_shape_inference.hpp">
      <Filter>include</Filter>
    </ClInclude>
    <ClInclude Include="D:\OPENVINO\openvino\src\core\shape_inference\include\eye_shape_inference.hpp">
      <Filter>include</Filter>
    </ClInclude>
    <ClInclude Include="D:\OPENVINO\openvino\src\core\shape_inference\include\fake_convert_shape_inference.hpp">
      <Filter>include</Filter>
    </ClInclude>
    <ClInclude Include="D:\OPENVINO\openvino\src\core\shape_inference\include\fake_quantize.hpp">
      <Filter>include</Filter>
    </ClInclude>
    <ClInclude Include="D:\OPENVINO\openvino\src\core\shape_inference\include\fft_base_shape_inference.hpp">
      <Filter>include</Filter>
    </ClInclude>
    <ClInclude Include="D:\OPENVINO\openvino\src\core\shape_inference\include\fft_common_validation.hpp">
      <Filter>include</Filter>
    </ClInclude>
    <ClInclude Include="D:\OPENVINO\openvino\src\core\shape_inference\include\gather_elements_shape_inference.hpp">
      <Filter>include</Filter>
    </ClInclude>
    <ClInclude Include="D:\OPENVINO\openvino\src\core\shape_inference\include\gather_nd_shape_inference.hpp">
      <Filter>include</Filter>
    </ClInclude>
    <ClInclude Include="D:\OPENVINO\openvino\src\core\shape_inference\include\gather_shape_inference.hpp">
      <Filter>include</Filter>
    </ClInclude>
    <ClInclude Include="D:\OPENVINO\openvino\src\core\shape_inference\include\gather_tree_shape_inference.hpp">
      <Filter>include</Filter>
    </ClInclude>
    <ClInclude Include="D:\OPENVINO\openvino\src\core\shape_inference\include\generate_proposals_shape_inference.hpp">
      <Filter>include</Filter>
    </ClInclude>
    <ClInclude Include="D:\OPENVINO\openvino\src\core\shape_inference\include\grid_sample_shape_inference.hpp">
      <Filter>include</Filter>
    </ClInclude>
    <ClInclude Include="D:\OPENVINO\openvino\src\core\shape_inference\include\group_convolution_backprop_shape_inference.hpp">
      <Filter>include</Filter>
    </ClInclude>
    <ClInclude Include="D:\OPENVINO\openvino\src\core\shape_inference\include\group_convolution_shape_inference.hpp">
      <Filter>include</Filter>
    </ClInclude>
    <ClInclude Include="D:\OPENVINO\openvino\src\core\shape_inference\include\group_normalization_shape_inference.hpp">
      <Filter>include</Filter>
    </ClInclude>
    <ClInclude Include="D:\OPENVINO\openvino\src\core\shape_inference\include\gru_cell_shape_inference.hpp">
      <Filter>include</Filter>
    </ClInclude>
    <ClInclude Include="D:\OPENVINO\openvino\src\core\shape_inference\include\gru_sequence_shape_inference.hpp">
      <Filter>include</Filter>
    </ClInclude>
    <ClInclude Include="D:\OPENVINO\openvino\src\core\shape_inference\include\i420_shape_inference.hpp">
      <Filter>include</Filter>
    </ClInclude>
    <ClInclude Include="D:\OPENVINO\openvino\src\core\shape_inference\include\interpolate_shape_inference.hpp">
      <Filter>include</Filter>
    </ClInclude>
    <ClInclude Include="D:\OPENVINO\openvino\src\core\shape_inference\include\irdft_shape_inference.hpp">
      <Filter>include</Filter>
    </ClInclude>
    <ClInclude Include="D:\OPENVINO\openvino\src\core\shape_inference\include\lstm_cell_shape_inference.hpp">
      <Filter>include</Filter>
    </ClInclude>
    <ClInclude Include="D:\OPENVINO\openvino\src\core\shape_inference\include\lstm_sequence_shape_inference.hpp">
      <Filter>include</Filter>
    </ClInclude>
    <ClInclude Include="D:\OPENVINO\openvino\src\core\shape_inference\include\matmul_shape_inference.hpp">
      <Filter>include</Filter>
    </ClInclude>
    <ClInclude Include="D:\OPENVINO\openvino\src\core\shape_inference\include\matrix_nms_shape_inference.hpp">
      <Filter>include</Filter>
    </ClInclude>
    <ClInclude Include="D:\OPENVINO\openvino\src\core\shape_inference\include\max_pool_shape_inference.hpp">
      <Filter>include</Filter>
    </ClInclude>
    <ClInclude Include="D:\OPENVINO\openvino\src\core\shape_inference\include\multiclass_nms_shape_inference.hpp">
      <Filter>include</Filter>
    </ClInclude>
    <ClInclude Include="D:\OPENVINO\openvino\src\core\shape_inference\include\multinomial_shape_inference.hpp">
      <Filter>include</Filter>
    </ClInclude>
    <ClInclude Include="D:\OPENVINO\openvino\src\core\shape_inference\include\nms_shape_inference.hpp">
      <Filter>include</Filter>
    </ClInclude>
    <ClInclude Include="D:\OPENVINO\openvino\src\core\shape_inference\include\nv12_shape_inference.hpp">
      <Filter>include</Filter>
    </ClInclude>
    <ClInclude Include="D:\OPENVINO\openvino\src\core\shape_inference\include\one_hot_shape_inference.hpp">
      <Filter>include</Filter>
    </ClInclude>
    <ClInclude Include="D:\OPENVINO\openvino\src\core\shape_inference\include\ov_optional.hpp">
      <Filter>include</Filter>
    </ClInclude>
    <ClInclude Include="D:\OPENVINO\openvino\src\core\shape_inference\include\pad_shape_inference.hpp">
      <Filter>include</Filter>
    </ClInclude>
    <ClInclude Include="D:\OPENVINO\openvino\src\core\shape_inference\include\pooling_shape_inference_util.hpp">
      <Filter>include</Filter>
    </ClInclude>
    <ClInclude Include="D:\OPENVINO\openvino\src\core\shape_inference\include\prior_box_clustered_shape_inference.hpp">
      <Filter>include</Filter>
    </ClInclude>
    <ClInclude Include="D:\OPENVINO\openvino\src\core\shape_inference\include\prior_box_shape_inference.hpp">
      <Filter>include</Filter>
    </ClInclude>
    <ClInclude Include="D:\OPENVINO\openvino\src\core\shape_inference\include\prior_box_shape_inference_util.hpp">
      <Filter>include</Filter>
    </ClInclude>
    <ClInclude Include="D:\OPENVINO\openvino\src\core\shape_inference\include\proposal_shape_inference.hpp">
      <Filter>include</Filter>
    </ClInclude>
    <ClInclude Include="D:\OPENVINO\openvino\src\core\shape_inference\include\psroi_pooling_shape_inference.hpp">
      <Filter>include</Filter>
    </ClInclude>
    <ClInclude Include="D:\OPENVINO\openvino\src\core\shape_inference\include\random_uniform_shape_inference.hpp">
      <Filter>include</Filter>
    </ClInclude>
    <ClInclude Include="D:\OPENVINO\openvino\src\core\shape_inference\include\range_shape_inference.hpp">
      <Filter>include</Filter>
    </ClInclude>
    <ClInclude Include="D:\OPENVINO\openvino\src\core\shape_inference\include\rdft_shape_inference.hpp">
      <Filter>include</Filter>
    </ClInclude>
    <ClInclude Include="D:\OPENVINO\openvino\src\core\shape_inference\include\reduce_shape_inference.hpp">
      <Filter>include</Filter>
    </ClInclude>
    <ClInclude Include="D:\OPENVINO\openvino\src\core\shape_inference\include\region_yolo_shape_inference.hpp">
      <Filter>include</Filter>
    </ClInclude>
    <ClInclude Include="D:\OPENVINO\openvino\src\core\shape_inference\include\reorg_yolo_shape_inference.hpp">
      <Filter>include</Filter>
    </ClInclude>
    <ClInclude Include="D:\OPENVINO\openvino\src\core\shape_inference\include\reshape_shape_inference.hpp">
      <Filter>include</Filter>
    </ClInclude>
    <ClInclude Include="D:\OPENVINO\openvino\src\core\shape_inference\include\reverse_sequence_shape_inference.hpp">
      <Filter>include</Filter>
    </ClInclude>
    <ClInclude Include="D:\OPENVINO\openvino\src\core\shape_inference\include\reverse_shape_inference.hpp">
      <Filter>include</Filter>
    </ClInclude>
    <ClInclude Include="D:\OPENVINO\openvino\src\core\shape_inference\include\rnn_base_shape_inference.hpp">
      <Filter>include</Filter>
    </ClInclude>
    <ClInclude Include="D:\OPENVINO\openvino\src\core\shape_inference\include\rnn_cell_shape_inference.hpp">
      <Filter>include</Filter>
    </ClInclude>
    <ClInclude Include="D:\OPENVINO\openvino\src\core\shape_inference\include\rnn_sequence_shape_inference.hpp">
      <Filter>include</Filter>
    </ClInclude>
    <ClInclude Include="D:\OPENVINO\openvino\src\core\shape_inference\include\roi_align_shape_inference.hpp">
      <Filter>include</Filter>
    </ClInclude>
    <ClInclude Include="D:\OPENVINO\openvino\src\core\shape_inference\include\roi_pooling_shape_inference.hpp">
      <Filter>include</Filter>
    </ClInclude>
    <ClInclude Include="D:\OPENVINO\openvino\src\core\shape_inference\include\roll_shape_inference.hpp">
      <Filter>include</Filter>
    </ClInclude>
    <ClInclude Include="D:\OPENVINO\openvino\src\core\shape_inference\include\scaled_dot_product_attention_shape_inference.hpp">
      <Filter>include</Filter>
    </ClInclude>
    <ClInclude Include="D:\OPENVINO\openvino\src\core\shape_inference\include\scatter_elements_update_shape_inference.hpp">
      <Filter>include</Filter>
    </ClInclude>
    <ClInclude Include="D:\OPENVINO\openvino\src\core\shape_inference\include\scatter_nd_base_shape_inference.hpp">
      <Filter>include</Filter>
    </ClInclude>
    <ClInclude Include="D:\OPENVINO\openvino\src\core\shape_inference\include\select_shape_inference.hpp">
      <Filter>include</Filter>
    </ClInclude>
    <ClInclude Include="D:\OPENVINO\openvino\src\core\shape_inference\include\sequnce_generator.hpp">
      <Filter>include</Filter>
    </ClInclude>
    <ClInclude Include="D:\OPENVINO\openvino\src\core\shape_inference\include\shape_infer_type_utils.hpp">
      <Filter>include</Filter>
    </ClInclude>
    <ClInclude Include="D:\OPENVINO\openvino\src\core\shape_inference\include\shape_nodes.hpp">
      <Filter>include</Filter>
    </ClInclude>
    <ClInclude Include="D:\OPENVINO\openvino\src\core\shape_inference\include\shape_validation.hpp">
      <Filter>include</Filter>
    </ClInclude>
    <ClInclude Include="D:\OPENVINO\openvino\src\core\shape_inference\include\shuffle_channels_shape_inference.hpp">
      <Filter>include</Filter>
    </ClInclude>
    <ClInclude Include="D:\OPENVINO\openvino\src\core\shape_inference\include\slice_shape_inference.hpp">
      <Filter>include</Filter>
    </ClInclude>
    <ClInclude Include="D:\OPENVINO\openvino\src\core\shape_inference\include\slice_shape_inference_utils.hpp">
      <Filter>include</Filter>
    </ClInclude>
    <ClInclude Include="D:\OPENVINO\openvino\src\core\shape_inference\include\space_to_batch_shape_inference.hpp">
      <Filter>include</Filter>
    </ClInclude>
    <ClInclude Include="D:\OPENVINO\openvino\src\core\shape_inference\include\space_to_depth_shape_inference.hpp">
      <Filter>include</Filter>
    </ClInclude>
    <ClInclude Include="D:\OPENVINO\openvino\src\core\shape_inference\include\split_shape_inference.hpp">
      <Filter>include</Filter>
    </ClInclude>
    <ClInclude Include="D:\OPENVINO\openvino\src\core\shape_inference\include\squeeze_shape_inference.hpp">
      <Filter>include</Filter>
    </ClInclude>
    <ClInclude Include="D:\OPENVINO\openvino\src\core\shape_inference\include\strided_slice_shape_inference.hpp">
      <Filter>include</Filter>
    </ClInclude>
    <ClInclude Include="D:\OPENVINO\openvino\src\core\shape_inference\include\tensor_data_accessor.hpp">
      <Filter>include</Filter>
    </ClInclude>
    <ClInclude Include="D:\OPENVINO\openvino\src\core\shape_inference\include\tile_shape_inference.hpp">
      <Filter>include</Filter>
    </ClInclude>
    <ClInclude Include="D:\OPENVINO\openvino\src\core\shape_inference\include\topk_shape_inference.hpp">
      <Filter>include</Filter>
    </ClInclude>
    <ClInclude Include="D:\OPENVINO\openvino\src\core\shape_inference\include\transpose_shape_inference.hpp">
      <Filter>include</Filter>
    </ClInclude>
    <ClInclude Include="D:\OPENVINO\openvino\src\core\shape_inference\include\unsqueeze_shape_inference.hpp">
      <Filter>include</Filter>
    </ClInclude>
    <ClInclude Include="D:\OPENVINO\openvino\src\core\shape_inference\include\utils.hpp">
      <Filter>include</Filter>
    </ClInclude>
    <ClInclude Include="D:\OPENVINO\openvino\src\core\shape_inference\include\variadic_split_shape_inference.hpp">
      <Filter>include</Filter>
    </ClInclude>
  </ItemGroup>
  <ItemGroup>
    <CustomBuild Include="D:\OPENVINO\openvino\src\core\shape_inference\CMakeLists.txt" />
  </ItemGroup>
  <ItemGroup>
    <Filter Include="include">
      <UniqueIdentifier>{D7BDD275-EDC2-330C-B0DE-D7ED884287F4}</UniqueIdentifier>
    </Filter>
    <Filter Include="src">
      <UniqueIdentifier>{9F7D6189-28F5-3781-99C7-1123304BED97}</UniqueIdentifier>
    </Filter>
  </ItemGroup>
</Project>
